
Microsoft Visual Studio Solution File, Format Version 12.00
# Visual Studio 15
VisualStudioVersion = 15.0.28307.779
MinimumVisualStudioVersion = 10.0.40219.1
Project("{FAE04EC0-301F-11D3-BF4B-00C04F79EFBC}") = "ZSZ.Common", "ZSZ.Common\ZSZ.Common.csproj", "{3668B4B4-5F3B-4C2A-843A-685148F1F33E}"
EndProject
Project("{FAE04EC0-301F-11D3-BF4B-00C04F79EFBC}") = "Test", "Test\Test.csproj", "{139C93CA-6E8B-43A8-8B42-DBD7B7164E5D}"
EndProject
Global
	GlobalSection(SolutionConfigurationPlatforms) = preSolution
		Debug|Any CPU = Debug|Any CPU
		Release|Any CPU = Release|Any CPU
	EndGlobalSection
	GlobalSection(ProjectConfigurationPlatforms) = postSolution
		{3668B4B4-5F3B-4C2A-843A-685148F1F33E}.Debug|Any CPU.ActiveCfg = Debug|Any CPU
		{3668B4B4-5F3B-4C2A-843A-685148F1F33E}.Debug|Any CPU.Build.0 = Debug|Any CPU
		{3668B4B4-5F3B-4C2A-843A-685148F1F33E}.Release|Any CPU.ActiveCfg = Release|Any CPU
		{3668B4B4-5F3B-4C2A-843A-685148F1F33E}.Release|Any CPU.Build.0 = Release|Any CPU
		{139C93CA-6E8B-43A8-8B42-DBD7B7164E5D}.Debug|Any CPU.ActiveCfg = Debug|Any CPU
		{139C93CA-6E8B-43A8-8B42-DBD7B7164E5D}.Debug|Any CPU.Build.0 = Debug|Any CPU
		{139C93CA-6E8B-43A8-8B42-DBD7B7164E5D}.Release|Any CPU.ActiveCfg = Release|Any CPU
		{139C93CA-6E8B-43A8-8B42-DBD7B7164E5D}.Release|Any CPU.Build.0 = Release|Any CPU
	EndGlobalSection
	GlobalSection(SolutionProperties) = preSolution
		HideSolutionNode = FALSE
	EndGlobalSection
	GlobalSection(ExtensibilityGlobals) = postSolution
		SolutionGuid = {4B32E471-798F-44EF-AD93-3C8DE0B4097C}
	EndGlobalSection
EndGlobal
