
Microsoft Visual Studio Solution File, Format Version 12.00
# Visual Studio 15
VisualStudioVersion = 15.0.28307.779
MinimumVisualStudioVersion = 10.0.40219.1
Project("{FAE04EC0-301F-11D3-BF4B-00C04F79EFBC}") = "ZSZ.Common", "ZSZ.Common\ZSZ.Common.csproj", "{3668B4B4-5F3B-4C2A-843A-685148F1F33E}"
EndProject
Project("{FAE04EC0-301F-11D3-BF4B-00C04F79EFBC}") = "Test", "Test\Test.csproj", "{139C93CA-6E8B-43A8-8B42-DBD7B7164E5D}"
EndProject
Project("{FAE04EC0-301F-11D3-BF4B-00C04F79EFBC}") = "MyIBLL", "MyIBLL\MyIBLL.csproj", "{A7B24846-ABCA-4B98-9820-0C225431ED52}"
EndProject
Project("{FAE04EC0-301F-11D3-BF4B-00C04F79EFBC}") = "MyBllImpl", "MyBllImpl\MyBllImpl.csproj", "{FF00C2B2-FAFD-4CA6-A270-89D831CD5184}"
EndProject
Project("{2150E333-8FDC-42A3-9474-1A3956D46DE8}") = "tests", "tests", "{A048D14A-0FDC-4EF0-9762-246F53F9D99C}"
EndProject
Project("{FAE04EC0-301F-11D3-BF4B-00C04F79EFBC}") = "WebApplication1", "WebApplication1\WebApplication1.csproj", "{9B7C04F8-1948-479E-8ECD-786DBBE9A4D1}"
EndProject
Project("{FAE04EC0-301F-11D3-BF4B-00C04F79EFBC}") = "TestIService", "TestIService\TestIService.csproj", "{010B2DBA-0EEE-4CE2-9871-21D75B59906E}"
EndProject
Project("{FAE04EC0-301F-11D3-BF4B-00C04F79EFBC}") = "TestService", "TestService\TestService.csproj", "{8FDE69FD-95E5-4A01-9972-D9CCA716E552}"
EndProject
Project("{FAE04EC0-301F-11D3-BF4B-00C04F79EFBC}") = "ZSZ.CommonMVC", "ZSZ.CommonMVC\ZSZ.CommonMVC.csproj", "{ADCB9957-A666-4CCF-AD8A-7E0C3A20CCAA}"
EndProject
Project("{2150E333-8FDC-42A3-9474-1A3956D46DE8}") = "UnitTest", "UnitTest", "{1D23417C-7962-4BDD-840E-6A5CCA5BAFD5}"
EndProject
Project("{FAE04EC0-301F-11D3-BF4B-00C04F79EFBC}") = "Calc", "Calc\Calc.csproj", "{DD4040CD-B867-4073-B145-A260762F904D}"
EndProject
Project("{FAE04EC0-301F-11D3-BF4B-00C04F79EFBC}") = "UnitTestProject1", "UnitTestProject1\UnitTestProject1.csproj", "{AC853656-D6BD-4F33-A195-14FDEEE663C0}"
EndProject
Global
	GlobalSection(SolutionConfigurationPlatforms) = preSolution
		Debug|Any CPU = Debug|Any CPU
		Release|Any CPU = Release|Any CPU
	EndGlobalSection
	GlobalSection(ProjectConfigurationPlatforms) = postSolution
		{3668B4B4-5F3B-4C2A-843A-685148F1F33E}.Debug|Any CPU.ActiveCfg = Debug|Any CPU
		{3668B4B4-5F3B-4C2A-843A-685148F1F33E}.Debug|Any CPU.Build.0 = Debug|Any CPU
		{3668B4B4-5F3B-4C2A-843A-685148F1F33E}.Release|Any CPU.ActiveCfg = Release|Any CPU
		{3668B4B4-5F3B-4C2A-843A-685148F1F33E}.Release|Any CPU.Build.0 = Release|Any CPU
		{139C93CA-6E8B-43A8-8B42-DBD7B7164E5D}.Debug|Any CPU.ActiveCfg = Debug|Any CPU
		{139C93CA-6E8B-43A8-8B42-DBD7B7164E5D}.Debug|Any CPU.Build.0 = Debug|Any CPU
		{139C93CA-6E8B-43A8-8B42-DBD7B7164E5D}.Release|Any CPU.ActiveCfg = Release|Any CPU
		{139C93CA-6E8B-43A8-8B42-DBD7B7164E5D}.Release|Any CPU.Build.0 = Release|Any CPU
		{A7B24846-ABCA-4B98-9820-0C225431ED52}.Debug|Any CPU.ActiveCfg = Debug|Any CPU
		{A7B24846-ABCA-4B98-9820-0C225431ED52}.Debug|Any CPU.Build.0 = Debug|Any CPU
		{A7B24846-ABCA-4B98-9820-0C225431ED52}.Release|Any CPU.ActiveCfg = Release|Any CPU
		{A7B24846-ABCA-4B98-9820-0C225431ED52}.Release|Any CPU.Build.0 = Release|Any CPU
		{FF00C2B2-FAFD-4CA6-A270-89D831CD5184}.Debug|Any CPU.ActiveCfg = Debug|Any CPU
		{FF00C2B2-FAFD-4CA6-A270-89D831CD5184}.Debug|Any CPU.Build.0 = Debug|Any CPU
		{FF00C2B2-FAFD-4CA6-A270-89D831CD5184}.Release|Any CPU.ActiveCfg = Release|Any CPU
		{FF00C2B2-FAFD-4CA6-A270-89D831CD5184}.Release|Any CPU.Build.0 = Release|Any CPU
		{9B7C04F8-1948-479E-8ECD-786DBBE9A4D1}.Debug|Any CPU.ActiveCfg = Debug|Any CPU
		{9B7C04F8-1948-479E-8ECD-786DBBE9A4D1}.Debug|Any CPU.Build.0 = Debug|Any CPU
		{9B7C04F8-1948-479E-8ECD-786DBBE9A4D1}.Release|Any CPU.ActiveCfg = Release|Any CPU
		{9B7C04F8-1948-479E-8ECD-786DBBE9A4D1}.Release|Any CPU.Build.0 = Release|Any CPU
		{010B2DBA-0EEE-4CE2-9871-21D75B59906E}.Debug|Any CPU.ActiveCfg = Debug|Any CPU
		{010B2DBA-0EEE-4CE2-9871-21D75B59906E}.Debug|Any CPU.Build.0 = Debug|Any CPU
		{010B2DBA-0EEE-4CE2-9871-21D75B59906E}.Release|Any CPU.ActiveCfg = Release|Any CPU
		{010B2DBA-0EEE-4CE2-9871-21D75B59906E}.Release|Any CPU.Build.0 = Release|Any CPU
		{8FDE69FD-95E5-4A01-9972-D9CCA716E552}.Debug|Any CPU.ActiveCfg = Debug|Any CPU
		{8FDE69FD-95E5-4A01-9972-D9CCA716E552}.Debug|Any CPU.Build.0 = Debug|Any CPU
		{8FDE69FD-95E5-4A01-9972-D9CCA716E552}.Release|Any CPU.ActiveCfg = Release|Any CPU
		{8FDE69FD-95E5-4A01-9972-D9CCA716E552}.Release|Any CPU.Build.0 = Release|Any CPU
		{ADCB9957-A666-4CCF-AD8A-7E0C3A20CCAA}.Debug|Any CPU.ActiveCfg = Debug|Any CPU
		{ADCB9957-A666-4CCF-AD8A-7E0C3A20CCAA}.Debug|Any CPU.Build.0 = Debug|Any CPU
		{ADCB9957-A666-4CCF-AD8A-7E0C3A20CCAA}.Release|Any CPU.ActiveCfg = Release|Any CPU
		{ADCB9957-A666-4CCF-AD8A-7E0C3A20CCAA}.Release|Any CPU.Build.0 = Release|Any CPU
		{DD4040CD-B867-4073-B145-A260762F904D}.Debug|Any CPU.ActiveCfg = Debug|Any CPU
		{DD4040CD-B867-4073-B145-A260762F904D}.Debug|Any CPU.Build.0 = Debug|Any CPU
		{DD4040CD-B867-4073-B145-A260762F904D}.Release|Any CPU.ActiveCfg = Release|Any CPU
		{DD4040CD-B867-4073-B145-A260762F904D}.Release|Any CPU.Build.0 = Release|Any CPU
		{AC853656-D6BD-4F33-A195-14FDEEE663C0}.Debug|Any CPU.ActiveCfg = Debug|Any CPU
		{AC853656-D6BD-4F33-A195-14FDEEE663C0}.Debug|Any CPU.Build.0 = Debug|Any CPU
		{AC853656-D6BD-4F33-A195-14FDEEE663C0}.Release|Any CPU.ActiveCfg = Release|Any CPU
		{AC853656-D6BD-4F33-A195-14FDEEE663C0}.Release|Any CPU.Build.0 = Release|Any CPU
	EndGlobalSection
	GlobalSection(SolutionProperties) = preSolution
		HideSolutionNode = FALSE
	EndGlobalSection
	GlobalSection(NestedProjects) = preSolution
		{9B7C04F8-1948-479E-8ECD-786DBBE9A4D1} = {A048D14A-0FDC-4EF0-9762-246F53F9D99C}
		{010B2DBA-0EEE-4CE2-9871-21D75B59906E} = {A048D14A-0FDC-4EF0-9762-246F53F9D99C}
		{8FDE69FD-95E5-4A01-9972-D9CCA716E552} = {A048D14A-0FDC-4EF0-9762-246F53F9D99C}
		{DD4040CD-B867-4073-B145-A260762F904D} = {1D23417C-7962-4BDD-840E-6A5CCA5BAFD5}
		{AC853656-D6BD-4F33-A195-14FDEEE663C0} = {1D23417C-7962-4BDD-840E-6A5CCA5BAFD5}
	EndGlobalSection
	GlobalSection(ExtensibilityGlobals) = postSolution
		SolutionGuid = {4B32E471-798F-44EF-AD93-3C8DE0B4097C}
	EndGlobalSection
EndGlobal
